{
    "_readme": [
        "This file locks the dependencies of your project to a known state",
        "Read more about it at https://getcomposer.org/doc/01-basic-usage.md#composer-lock-the-lock-file",
        "This file is @generated automatically"
    ],
    "hash": "d6c1522d3c8f72c3ef1e6f57f7ef7f63",
    "content-hash": "c880886cef0d42f1085dd42c36c5a464",
    "packages": [
        {
            "name": "google/protobuf",
            "version": "v3.6.1",
            "source": {
                "type": "git",
                "url": "https://github.com/google/protobuf.git",
                "reference": "48cb18e5c419ddd23d9badcfe4e9df7bde1979b2"
            },
            "dist": {
                "type": "zip",
                "url": "https://api.github.com/repos/google/protobuf/zipball/48cb18e5c419ddd23d9badcfe4e9df7bde1979b2",
                "reference": "48cb18e5c419ddd23d9badcfe4e9df7bde1979b2",
                "shasum": ""
            },
            "require": {
                "php": ">=5.5.0"
            },
            "require-dev": {
                "phpunit/phpunit": ">=4.8.0"
            },
            "suggest": {
                "ext-bcmath": "Need to support JSON deserialization"
            },
            "type": "library",
            "autoload": {
                "psr-4": {
                    "Google\\Protobuf\\": "php/src/Google/Protobuf",
                    "GPBMetadata\\Google\\Protobuf\\": "php/src/GPBMetadata/Google/Protobuf"
                }
            },
            "notification-url": "https://packagist.org/downloads/",
            "license": [
                "BSD-3-Clause"
            ],
            "description": "proto library for PHP",
            "homepage": "https://developers.google.com/protocol-buffers/",
            "keywords": [
                "proto"
            ],
            "time": "2018-07-27 20:30:28"
        },
        {
            "name": "nikic/php-parser",
            "version": "v4.0.2",
            "source": {
                "type": "git",
                "url": "https://github.com/nikic/PHP-Parser.git",
                "reference": "35b8caf75e791ba1b2d24fec1552168d72692b12"
            },
            "dist": {
                "type": "zip",
                "url": "https://api.github.com/repos/nikic/PHP-Parser/zipball/35b8caf75e791ba1b2d24fec1552168d72692b12",
                "reference": "35b8caf75e791ba1b2d24fec1552168d72692b12",
                "shasum": ""
            },
            "require": {
                "ext-tokenizer": "*",
                "php": ">=7.0"
            },
            "require-dev": {
                "phpunit/phpunit": "^6.5 || ^7.0"
            },
            "bin": [
                "bin/php-parse"
            ],
            "type": "library",
            "extra": {
                "branch-alias": {
                    "dev-master": "4.0-dev"
                }
            },
            "autoload": {
                "psr-4": {
                    "PhpParser\\": "lib/PhpParser"
                }
            },
            "notification-url": "https://packagist.org/downloads/",
            "license": [
                "BSD-3-Clause"
            ],
            "authors": [
                {
                    "name": "Nikita Popov"
                }
            ],
            "description": "A PHP parser written in PHP",
            "keywords": [
                "parser",
                "php"
            ],
            "time": "2018-06-03 11:33:10"
        },
        {
            "name": "ulrichsg/getopt-php",
            "version": "3.2.1",
            "source": {
                "type": "git",
                "url": "https://github.com/getopt-php/getopt-php.git",
                "reference": "6d22d6febd672954bf1b9676a4833489c5509116"
            },
            "dist": {
                "type": "zip",
                "url": "https://api.github.com/repos/getopt-php/getopt-php/zipball/6d22d6febd672954bf1b9676a4833489c5509116",
                "reference": "6d22d6febd672954bf1b9676a4833489c5509116",
                "shasum": ""
            },
            "require": {
                "ext-mbstring": "*",
                "php": ">=5.4.0"
            },
            "require-dev": {
                "phpunit/phpunit": "^4.8",
                "squizlabs/php_codesniffer": "^2.7"
            },
            "type": "library",
            "autoload": {
                "psr-4": {
                    "GetOpt\\": "src"
                }
            },
            "notification-url": "https://packagist.org/downloads/",
            "license": [
                "MIT"
            ],
            "authors": [
                {
                    "name": "Ulrich Schmidt-Goertz",
                    "email": "ulrich@schmidt-goertz.de"
                },
                {
                    "name": "Thomas Flori",
                    "email": "thflori@gmail.com"
                }
            ],
            "description": "Command line arguments parser for PHP 5.4 - 7.1",
            "homepage": "http://getopt-php.github.io/getopt-php",
            "time": "2018-08-17 04:48:55"
        }
    ],
    "packages-dev": [],
    "aliases": [],
    "minimum-stability": "stable",
    "stability-flags": [],
    "prefer-stable": false,
    "prefer-lowest": false,
    "platform": [],
    "platform-dev": []
}
